
Microsoft Visual Studio Solution File, Format Version 11.00
# Visual Studio 2010
Project("{FAE04EC0-301F-11D3-BF4B-00C04F79EFBC}") = "This Is Fine", "Assembly-CSharp.csproj", "{8AE49DCF-5918-CE7F-2182-97E46F0FCDFF}"
EndProject
Global
	GlobalSection(SolutionConfigurationPlatforms) = preSolution
		Debug|Any CPU = Debug|Any CPU
		Release|Any CPU = Release|Any CPU
	EndGlobalSection
	GlobalSection(ProjectConfigurationPlatforms) = postSolution
		{8AE49DCF-5918-CE7F-2182-97E46F0FCDFF}.Debug|Any CPU.ActiveCfg = Debug|Any CPU
		{8AE49DCF-5918-CE7F-2182-97E46F0FCDFF}.Debug|Any CPU.Build.0 = Debug|Any CPU
		{8AE49DCF-5918-CE7F-2182-97E46F0FCDFF}.Release|Any CPU.ActiveCfg = Release|Any CPU
		{8AE49DCF-5918-CE7F-2182-97E46F0FCDFF}.Release|Any CPU.Build.0 = Release|Any CPU
	EndGlobalSection
	GlobalSection(SolutionProperties) = preSolution
		HideSolutionNode = FALSE
	EndGlobalSection
	GlobalSection(MonoDevelopProperties) = preSolution
		StartupItem = Assembly-CSharp.csproj
	EndGlobalSection
EndGlobal
